
Microsoft Visual Studio Solution File, Format Version 12.00
# Visual Studio 14
VisualStudioVersion = 14.0.25420.1
MinimumVisualStudioVersion = 10.0.40219.1
Project("{151D2E53-A2C4-4D7D-83FE-D05416EBD58E}") = "OsCropARM", "OsCropARM\OsCropARM.deployproj", "{FCF25C8E-2790-4936-B824-31CEAACD0C0D}"
EndProject
Global
	GlobalSection(SolutionConfigurationPlatforms) = preSolution
		Debug|Any CPU = Debug|Any CPU
		Release|Any CPU = Release|Any CPU
	EndGlobalSection
	GlobalSection(ProjectConfigurationPlatforms) = postSolution
		{FCF25C8E-2790-4936-B824-31CEAACD0C0D}.Debug|Any CPU.ActiveCfg = Debug|Any CPU
		{FCF25C8E-2790-4936-B824-31CEAACD0C0D}.Debug|Any CPU.Build.0 = Debug|Any CPU
		{FCF25C8E-2790-4936-B824-31CEAACD0C0D}.Release|Any CPU.ActiveCfg = Release|Any CPU
		{FCF25C8E-2790-4936-B824-31CEAACD0C0D}.Release|Any CPU.Build.0 = Release|Any CPU
	EndGlobalSection
	GlobalSection(SolutionProperties) = preSolution
		HideSolutionNode = FALSE
	EndGlobalSection
EndGlobal
